<?xml version="1.0" encoding="utf-8"?>
<Project ToolsVersion="4.0" xmlns="http://schemas.microsoft.com/developer/msbuild/2003">
  <ItemGroup>
    <Filter Include="Source Files">
      <UniqueIdentifier>{4FC737F1-C7A5-4376-A066-2A32D752A2FF}</UniqueIdentifier>
      <Extensions>cpp;c;cc;cxx;def;odl;idl;hpj;bat;asm;asmx</Extensions>
    </Filter>
    <Filter Include="Header Files">
      <UniqueIdentifier>{93995380-89BD-4b04-88EB-625FBE52EBFB}</UniqueIdentifier>
      <Extensions>h;hpp;hxx;hm;inl;inc;xsd</Extensions>
    </Filter>
    <Filter Include="Resource Files">
      <UniqueIdentifier>{67DA6AB6-F800-4c08-8B7A-83BB121AAD01}</UniqueIdentifier>
      <Extensions>rc;ico;cur;bmp;dlg;rc2;rct;bin;rgs;gif;jpg;jpeg;jpe;resx;tiff;tif;png;wav</Extensions>
    </Filter>
    <Filter Include="Shader Files">
      <UniqueIdentifier>{912f2a60-3617-442a-80a8-a3cbdf2c61c1}</UniqueIdentifier>
    </Filter>
    <Filter Include="Blocks">
      <UniqueIdentifier>{2fb70807-adda-44d7-aad7-f2abc0ee68d9}</UniqueIdentifier>
    </Filter>
    <Filter Include="Blocks\Assimp">
      <UniqueIdentifier>{cadc7d63-76e1-4503-956d-2ccb6080f96a}</UniqueIdentifier>
    </Filter>
  </ItemGroup>
  <ItemGroup>
    <ClCompile Include="..\src\MeshViewApp.cpp">
      <Filter>Source Files</Filter>
    </ClCompile>
    <ClCompile Include="..\src\MeshViewApp.cpp">
      <Filter>Source Files</Filter>
    </ClCompile>
    <ClInclude Include="..\include\Resources.h">
      <Filter>Header Files</Filter>
    </ClInclude>
    <ClCompile Include="..\blocks\assimp\AssimpLoader.cpp">
      <Filter>Blocks\Assimp</Filter>
    </ClCompile>
    <ClCompile Include="..\blocks\assimp\Node.cpp">
      <Filter>Blocks\Assimp</Filter>
    </ClCompile>
  </ItemGroup>
  <ItemGroup>
    <ClInclude Include="..\include\Resources.h">
      <Filter>Header Files</Filter>
    </ClInclude>
    <ClInclude Include="..\include\Debug.h">
      <Filter>Header Files</Filter>
    </ClInclude>
    <ClInclude Include="..\include\FileMonitor.h">
      <Filter>Header Files</Filter>
    </ClInclude>
    <ClInclude Include="..\include\Config.h">
      <Filter>Header Files</Filter>
    </ClInclude>
    <ClInclude Include="..\blocks\assimp\AssimpLoader.h">
      <Filter>Blocks\Assimp</Filter>
    </ClInclude>
    <ClInclude Include="..\blocks\assimp\AssimpMesh.h">
      <Filter>Blocks\Assimp</Filter>
    </ClInclude>
    <ClInclude Include="..\blocks\assimp\Node.h">
      <Filter>Blocks\Assimp</Filter>
    </ClInclude>
  </ItemGroup>
  <ItemGroup>
    <ResourceCompile Include="Resources.rc">
      <Filter>Resource Files</Filter>
    </ResourceCompile>
  </ItemGroup>
  <ItemGroup>
    <None Include="..\assets\shaders\skybox.frag">
      <Filter>Shader Files</Filter>
    </None>
    <None Include="..\assets\shaders\skybox.vert">
      <Filter>Shader Files</Filter>
    </None>
    <None Include="..\assets\shaders\mesh.frag">
      <Filter>Shader Files</Filter>
    </None>
    <None Include="..\assets\shaders\mesh.vert">
      <Filter>Shader Files</Filter>
    </None>
  </ItemGroup>
</Project>